// !$*UTF8*$!
{
	archiveVersion = 1;
	classes = {
	};
	objectVersion = 45;
	objects = {

/* Begin PBXBuildFile section */
		1D3623260D0F684500981E51 /* LavamanAppDelegate.m in Sources */ = {isa = PBXBuildFile; fileRef = 1D3623250D0F684500981E51 /* LavamanAppDelegate.m */; };
		1D60589B0D05DD56006BFB54 /* main.m in Sources */ = {isa = PBXBuildFile; fileRef = 29B97316FDCFA39411CA2CEA /* main.m */; };
		1D60589F0D05DD5A006BFB54 /* Foundation.framework in Frameworks */ = {isa = PBXBuildFile; fileRef = 1D30AB110D05D00D00671497 /* Foundation.framework */; };
		1DF5F4E00D08C38300B7A737 /* UIKit.framework in Frameworks */ = {isa = PBXBuildFile; fileRef = 1DF5F4DF0D08C38300B7A737 /* UIKit.framework */; };
		2892E4100DC94CBA00A64D0F /* CoreGraphics.framework in Frameworks */ = {isa = PBXBuildFile; fileRef = 2892E40F0DC94CBA00A64D0F /* CoreGraphics.framework */; };
		28AD73600D9D9599002E5188 /* MainWindow.xib in Resources */ = {isa = PBXBuildFile; fileRef = 28AD735F0D9D9599002E5188 /* MainWindow.xib */; };
		6A258A4A12B80F44009FD9B6 /* fairwinds.jpg in Resources */ = {isa = PBXBuildFile; fileRef = 6A258A4712B80F44009FD9B6 /* fairwinds.jpg */; };
		6A258A4B12B80F44009FD9B6 /* jackiereys.jpg in Resources */ = {isa = PBXBuildFile; fileRef = 6A258A4812B80F44009FD9B6 /* jackiereys.jpg */; };
		6A258A4C12B80F44009FD9B6 /* queens.jpg in Resources */ = {isa = PBXBuildFile; fileRef = 6A258A4912B80F44009FD9B6 /* queens.jpg */; };
		6A2BBA6812AEC79200EECC62 /* water.jpg in Resources */ = {isa = PBXBuildFile; fileRef = 6A2BBA6712AEC79200EECC62 /* water.jpg */; };
		6AB62A0712B6CAEA00D94E12 /* FilledStar.png in Resources */ = {isa = PBXBuildFile; fileRef = 6AB62A0612B6CAEA00D94E12 /* FilledStar.png */; };
		6AE4F02912A8333900997657 /* bike.png in Resources */ = {isa = PBXBuildFile; fileRef = 6AE4F01912A8333900997657 /* bike.png */; };
		6AE4F02A12A8333900997657 /* camera.png in Resources */ = {isa = PBXBuildFile; fileRef = 6AE4F01A12A8333900997657 /* camera.png */; };
		6AE4F02D12A8333900997657 /* gear.png in Resources */ = {isa = PBXBuildFile; fileRef = 6AE4F01D12A8333900997657 /* gear.png */; };
		6AE4F02E12A8333900997657 /* hotel_bed.png in Resources */ = {isa = PBXBuildFile; fileRef = 6AE4F01E12A8333900997657 /* hotel_bed.png */; };
		6AE4F02F12A8333900997657 /* ical.png in Resources */ = {isa = PBXBuildFile; fileRef = 6AE4F01F12A8333900997657 /* ical.png */; };
		6AE4F03112A8333900997657 /* list-add.png in Resources */ = {isa = PBXBuildFile; fileRef = 6AE4F02112A8333900997657 /* list-add.png */; };
		6AE4F03212A8333900997657 /* places.png in Resources */ = {isa = PBXBuildFile; fileRef = 6AE4F02212A8333900997657 /* places.png */; };
		6AE4F03512A8333900997657 /* results.png in Resources */ = {isa = PBXBuildFile; fileRef = 6AE4F02512A8333900997657 /* results.png */; };
		6AE4F03612A8333900997657 /* stop-watch.png in Resources */ = {isa = PBXBuildFile; fileRef = 6AE4F02612A8333900997657 /* stop-watch.png */; };
		6AE4F04B12A8336300997657 /* Lavaman.png in Resources */ = {isa = PBXBuildFile; fileRef = 6AE4F04012A8336300997657 /* Lavaman.png */; };
		6AE4F04D12A8336300997657 /* RaceDirector.png in Resources */ = {isa = PBXBuildFile; fileRef = 6AE4F04212A8336300997657 /* RaceDirector.png */; };
		6AE4F06312A8338700997657 /* coca_cola.jpg in Resources */ = {isa = PBXBuildFile; fileRef = 6AE4F05412A8338700997657 /* coca_cola.jpg */; };
		6AE4F06412A8338700997657 /* hammer.jpg in Resources */ = {isa = PBXBuildFile; fileRef = 6AE4F05512A8338700997657 /* hammer.jpg */; };
		6AE4F06512A8338700997657 /* hawaiiphotoman.jpg in Resources */ = {isa = PBXBuildFile; fileRef = 6AE4F05612A8338700997657 /* hawaiiphotoman.jpg */; };
		6AE4F06612A8338700997657 /* hilton.jpg in Resources */ = {isa = PBXBuildFile; fileRef = 6AE4F05712A8338700997657 /* hilton.jpg */; };
		6AE4F06812A8338700997657 /* HolidayInn.JPG in Resources */ = {isa = PBXBuildFile; fileRef = 6AE4F05912A8338700997657 /* HolidayInn.JPG */; };
		6AE4F06A12A8338700997657 /* konabrew.jpg in Resources */ = {isa = PBXBuildFile; fileRef = 6AE4F05B12A8338700997657 /* konabrew.jpg */; };
		6AE4F06C12A8338700997657 /* mcdonalds.jpg in Resources */ = {isa = PBXBuildFile; fileRef = 6AE4F05D12A8338700997657 /* mcdonalds.jpg */; };
		6AE4F06E12A8338700997657 /* starbucks.jpg in Resources */ = {isa = PBXBuildFile; fileRef = 6AE4F05F12A8338700997657 /* starbucks.jpg */; };
		6AE4F07012A8338700997657 /* xterra.jpg in Resources */ = {isa = PBXBuildFile; fileRef = 6AE4F06112A8338700997657 /* xterra.jpg */; };
		6AE4F08612A833DA00997657 /* black_button.png in Resources */ = {isa = PBXBuildFile; fileRef = 6AE4F08212A833DA00997657 /* black_button.png */; };
		6AE4F08712A833DA00997657 /* But_5.png in Resources */ = {isa = PBXBuildFile; fileRef = 6AE4F08312A833DA00997657 /* But_5.png */; };
		6AE4F08812A833DA00997657 /* button_down.png in Resources */ = {isa = PBXBuildFile; fileRef = 6AE4F08412A833DA00997657 /* button_down.png */; };
		6AE4F08912A833DA00997657 /* button_up.png in Resources */ = {isa = PBXBuildFile; fileRef = 6AE4F08512A833DA00997657 /* button_up.png */; };
		6AE4F0E712A8395D00997657 /* karolina.jpg in Resources */ = {isa = PBXBuildFile; fileRef = 6AE4F0E612A8395D00997657 /* karolina.jpg */; };
		6AE4F0E912A8397D00997657 /* bikeworks.jpg in Resources */ = {isa = PBXBuildFile; fileRef = 6AE4F0E812A8397D00997657 /* bikeworks.jpg */; };
		6AE4F0EB12A8399500997657 /* todd.jpg in Resources */ = {isa = PBXBuildFile; fileRef = 6AE4F0EA12A8399500997657 /* todd.jpg */; };
		6AE4F0ED12A839B800997657 /* luis.jpg in Resources */ = {isa = PBXBuildFile; fileRef = 6AE4F0EC12A839B800997657 /* luis.jpg */; };
		6E154358127B5B4F00C97C88 /* RootViewController.m in Sources */ = {isa = PBXBuildFile; fileRef = 6E154356127B5B4F00C97C88 /* RootViewController.m */; };
		6E154359127B5B4F00C97C88 /* RootViewController.xib in Resources */ = {isa = PBXBuildFile; fileRef = 6E154357127B5B4F00C97C88 /* RootViewController.xib */; };
		6E154377127B5E6300C97C88 /* RegistrationResultsPhotos.m in Sources */ = {isa = PBXBuildFile; fileRef = 6E154375127B5E6300C97C88 /* RegistrationResultsPhotos.m */; };
		6E154378127B5E6300C97C88 /* RegistrationResultsPhotos.xib in Resources */ = {isa = PBXBuildFile; fileRef = 6E154376127B5E6300C97C88 /* RegistrationResultsPhotos.xib */; };
		6E392CE81299B06E00F4EDF1 /* untitled.m in Sources */ = {isa = PBXBuildFile; fileRef = 6E392CE71299B06E00F4EDF1 /* untitled.m */; };
		6E4B3B6E128329B8003658B1 /* icon.jpg in Resources */ = {isa = PBXBuildFile; fileRef = 6E4B3B6D128329B8003658B1 /* icon.jpg */; };
		6E4B3BB01289A7A2003658B1 /* background.jpg in Resources */ = {isa = PBXBuildFile; fileRef = 6E4B3BAE1289A7A2003658B1 /* background.jpg */; };
		6E4B3D3B1289E2E2003658B1 /* logo.png in Resources */ = {isa = PBXBuildFile; fileRef = 6E4B3D3A1289E2E2003658B1 /* logo.png */; };
		6E4B3D971289E733003658B1 /* EventKit.framework in Frameworks */ = {isa = PBXBuildFile; fileRef = 6E4B3D961289E733003658B1 /* EventKit.framework */; };
		6E4B3FBD128B3F66003658B1 /* ical_38.png in Resources */ = {isa = PBXBuildFile; fileRef = 6E4B3FBC128B3F66003658B1 /* ical_38.png */; };
		6E4B3FD1128B408E003658B1 /* ical_30.png in Resources */ = {isa = PBXBuildFile; fileRef = 6E4B3FD0128B408E003658B1 /* ical_30.png */; };
		6E4B3FD4128B4108003658B1 /* ical_26.png in Resources */ = {isa = PBXBuildFile; fileRef = 6E4B3FD3128B4108003658B1 /* ical_26.png */; };
		6E4B4110128BFF65003658B1 /* NewsHeaderTableViewCell.m in Sources */ = {isa = PBXBuildFile; fileRef = 6E4B410F128BFF65003658B1 /* NewsHeaderTableViewCell.m */; };
		6E4B4115128C012B003658B1 /* NewsHeaderTableViewCell.xib in Resources */ = {isa = PBXBuildFile; fileRef = 6E4B4114128C012B003658B1 /* NewsHeaderTableViewCell.xib */; };
		6E4B4192128C0EF4003658B1 /* NewsDetailViewController.m in Sources */ = {isa = PBXBuildFile; fileRef = 6E4B4190128C0EF4003658B1 /* NewsDetailViewController.m */; };
		6E4B4193128C0EF4003658B1 /* NewsDetailViewController.xib in Resources */ = {isa = PBXBuildFile; fileRef = 6E4B4191128C0EF4003658B1 /* NewsDetailViewController.xib */; };
		6E4B421F128C23D4003658B1 /* PasteCalculatorViewController.m in Sources */ = {isa = PBXBuildFile; fileRef = 6E4B421D128C23D4003658B1 /* PasteCalculatorViewController.m */; };
		6E4B4220128C23D4003658B1 /* PasteCalculatorViewController.xib in Resources */ = {isa = PBXBuildFile; fileRef = 6E4B421E128C23D4003658B1 /* PasteCalculatorViewController.xib */; };
		6E507EA41281D7FE004D3212 /* SponsorsCreator.m in Sources */ = {isa = PBXBuildFile; fileRef = 6E507EA31281D7FE004D3212 /* SponsorsCreator.m */; };
		6E507EB91281D9DE004D3212 /* TrainingToolsViewController.m in Sources */ = {isa = PBXBuildFile; fileRef = 6E507EB71281D9DE004D3212 /* TrainingToolsViewController.m */; };
		6E507EBA1281D9DE004D3212 /* TrainingToolsViewController.xib in Resources */ = {isa = PBXBuildFile; fileRef = 6E507EB81281D9DE004D3212 /* TrainingToolsViewController.xib */; };
		6E507F081281DECD004D3212 /* mail.png in Resources */ = {isa = PBXBuildFile; fileRef = 6E507F071281DECD004D3212 /* mail.png */; };
		6E9A98411299116400E3BB4B /* white_button.png in Resources */ = {isa = PBXBuildFile; fileRef = 6E9A98401299116400E3BB4B /* white_button.png */; };
		6E9A98A512993EEC00E3BB4B /* iAd.framework in Frameworks */ = {isa = PBXBuildFile; fileRef = 6E9A98A412993EEC00E3BB4B /* iAd.framework */; };
		6EA6AC0512B6991B006DDC11 /* FilledStar.png in Resources */ = {isa = PBXBuildFile; fileRef = 6EA6AC0412B6991B006DDC11 /* FilledStar.png */; };
		6EB8E01D127DDB1A00469C33 /* MessageList.m in Sources */ = {isa = PBXBuildFile; fileRef = 6EB8E01B127DDB1A00469C33 /* MessageList.m */; };
		6EB8E01E127DDB1A00469C33 /* MessageList.xib in Resources */ = {isa = PBXBuildFile; fileRef = 6EB8E01C127DDB1A00469C33 /* MessageList.xib */; };
		6EB8E02D127DDBDA00469C33 /* MessageContainer.m in Sources */ = {isa = PBXBuildFile; fileRef = 6EB8E02C127DDBDA00469C33 /* MessageContainer.m */; };
		6EB8E0E1127DEFA600469C33 /* Message.m in Sources */ = {isa = PBXBuildFile; fileRef = 6EB8E0E0127DEFA600469C33 /* Message.m */; };
		6EB8E2681280677100469C33 /* Category.m in Sources */ = {isa = PBXBuildFile; fileRef = 6EB8E2671280677100469C33 /* Category.m */; };
		6EB8E27112806A7900469C33 /* Item.m in Sources */ = {isa = PBXBuildFile; fileRef = 6EB8E27012806A7900469C33 /* Item.m */; };
		6EB8E27912806BBA00469C33 /* CategoryViewController.m in Sources */ = {isa = PBXBuildFile; fileRef = 6EB8E27712806BBA00469C33 /* CategoryViewController.m */; };
		6EB8E27A12806BBA00469C33 /* CategoryViewController.xib in Resources */ = {isa = PBXBuildFile; fileRef = 6EB8E27812806BBA00469C33 /* CategoryViewController.xib */; };
		6EB8E2D51280758A00469C33 /* TravelActivitiesViewController.m in Sources */ = {isa = PBXBuildFile; fileRef = 6EB8E2D31280758A00469C33 /* TravelActivitiesViewController.m */; };
		6EB8E2D61280758A00469C33 /* TravelActivitiesViewController.xib in Resources */ = {isa = PBXBuildFile; fileRef = 6EB8E2D41280758A00469C33 /* TravelActivitiesViewController.xib */; };
		6EB8E307128078C900469C33 /* TravelActivitiesCreator.m in Sources */ = {isa = PBXBuildFile; fileRef = 6EB8E306128078C900469C33 /* TravelActivitiesCreator.m */; };
		6EB8E37B12807E0B00469C33 /* ItemViewController.m in Sources */ = {isa = PBXBuildFile; fileRef = 6EB8E37912807E0B00469C33 /* ItemViewController.m */; };
		6EB8E37C12807E0B00469C33 /* ItemViewController.xib in Resources */ = {isa = PBXBuildFile; fileRef = 6EB8E37A12807E0B00469C33 /* ItemViewController.xib */; };
		6EB8E3BA128083ED00469C33 /* ItemsToDoViewController.m in Sources */ = {isa = PBXBuildFile; fileRef = 6EB8E3B8128083ED00469C33 /* ItemsToDoViewController.m */; };
		6EB8E3BB128083ED00469C33 /* ItemsToDoViewController.xib in Resources */ = {isa = PBXBuildFile; fileRef = 6EB8E3B9128083ED00469C33 /* ItemsToDoViewController.xib */; };
		6EB8E4471281BC2700469C33 /* RaceInfo.m in Sources */ = {isa = PBXBuildFile; fileRef = 6EB8E4461281BC2700469C33 /* RaceInfo.m */; };
		6EB8E44A1281BC8500469C33 /* RaceDay.m in Sources */ = {isa = PBXBuildFile; fileRef = 6EB8E4491281BC8500469C33 /* RaceDay.m */; };
		6EB8E44D1281BCB900469C33 /* RaceEvent.m in Sources */ = {isa = PBXBuildFile; fileRef = 6EB8E44C1281BCB900469C33 /* RaceEvent.m */; };
		6EB8E46B1281C23300469C33 /* RaceInformationViewController.m in Sources */ = {isa = PBXBuildFile; fileRef = 6EB8E4691281C23300469C33 /* RaceInformationViewController.m */; };
		6EB8E46C1281C23300469C33 /* RaceInformationViewController.xib in Resources */ = {isa = PBXBuildFile; fileRef = 6EB8E46A1281C23300469C33 /* RaceInformationViewController.xib */; };
		6EB8E46F1281C2AA00469C33 /* RaceInformationCreator.m in Sources */ = {isa = PBXBuildFile; fileRef = 6EB8E46E1281C2AA00469C33 /* RaceInformationCreator.m */; };
		6EF784EA1291B2910089BEC6 /* calc.png in Resources */ = {isa = PBXBuildFile; fileRef = 6EF784E71291B2910089BEC6 /* calc.png */; };
		6EF784EC1291B2910089BEC6 /* watch.png in Resources */ = {isa = PBXBuildFile; fileRef = 6EF784E91291B2910089BEC6 /* watch.png */; };
		6EF784FE1291B3B70089BEC6 /* CustomButtonViewController.m in Sources */ = {isa = PBXBuildFile; fileRef = 6EF784FC1291B3B70089BEC6 /* CustomButtonViewController.m */; };
		6EF784FF1291B3B70089BEC6 /* CustomButtonViewController.xib in Resources */ = {isa = PBXBuildFile; fileRef = 6EF784FD1291B3B70089BEC6 /* CustomButtonViewController.xib */; };
		6EF786641291C8C30089BEC6 /* mail_new.png in Resources */ = {isa = PBXBuildFile; fileRef = 6EF786631291C8C30089BEC6 /* mail_new.png */; };
		6EF7870912932A430089BEC6 /* ItemMapViewController.m in Sources */ = {isa = PBXBuildFile; fileRef = 6EF7870712932A430089BEC6 /* ItemMapViewController.m */; };
		6EF7870A12932A430089BEC6 /* ItemMapViewController.xib in Resources */ = {isa = PBXBuildFile; fileRef = 6EF7870812932A430089BEC6 /* ItemMapViewController.xib */; };
		6EF7872C12932CE00089BEC6 /* MapKit.framework in Frameworks */ = {isa = PBXBuildFile; fileRef = 6EF7872B12932CE00089BEC6 /* MapKit.framework */; };
		6EF7873512932DD60089BEC6 /* AddressAnnotation.m in Sources */ = {isa = PBXBuildFile; fileRef = 6EF7873412932DD60089BEC6 /* AddressAnnotation.m */; };
		6EF788761293FE0F0089BEC6 /* activities_category.png in Resources */ = {isa = PBXBuildFile; fileRef = 6EF788721293FE0F0089BEC6 /* activities_category.png */; };
		6EF7890512940F870089BEC6 /* CustomButtonData.m in Sources */ = {isa = PBXBuildFile; fileRef = 6EF7890412940F870089BEC6 /* CustomButtonData.m */; };
		6EF78D9212983FD60089BEC6 /* RaceEventViewController.m in Sources */ = {isa = PBXBuildFile; fileRef = 6EF78D9012983FD60089BEC6 /* RaceEventViewController.m */; };
		6EF78D9312983FD60089BEC6 /* RaceEventViewController.xib in Resources */ = {isa = PBXBuildFile; fileRef = 6EF78D9112983FD60089BEC6 /* RaceEventViewController.xib */; };
		6EF78E1512984DF30089BEC6 /* RaceEventDetailsViewController.m in Sources */ = {isa = PBXBuildFile; fileRef = 6EF78E1312984DF30089BEC6 /* RaceEventDetailsViewController.m */; };
		6EF78E1612984DF30089BEC6 /* RaceEventDetailsViewController.xib in Resources */ = {isa = PBXBuildFile; fileRef = 6EF78E1412984DF30089BEC6 /* RaceEventDetailsViewController.xib */; };
/* End PBXBuildFile section */

/* Begin PBXFileReference section */
		1D30AB110D05D00D00671497 /* Foundation.framework */ = {isa = PBXFileReference; lastKnownFileType = wrapper.framework; name = Foundation.framework; path = System/Library/Frameworks/Foundation.framework; sourceTree = SDKROOT; };
		1D3623240D0F684500981E51 /* LavamanAppDelegate.h */ = {isa = PBXFileReference; fileEncoding = 4; lastKnownFileType = sourcecode.c.h; name = LavamanAppDelegate.h; path = Classes/LavamanAppDelegate.h; sourceTree = "<group>"; };
		1D3623250D0F684500981E51 /* LavamanAppDelegate.m */ = {isa = PBXFileReference; fileEncoding = 4; lastKnownFileType = sourcecode.c.objc; name = LavamanAppDelegate.m; path = Classes/LavamanAppDelegate.m; sourceTree = "<group>"; };
		1D6058910D05DD3D006BFB54 /* Lavaman.app */ = {isa = PBXFileReference; explicitFileType = wrapper.application; includeInIndex = 0; path = Lavaman.app; sourceTree = BUILT_PRODUCTS_DIR; };
		1DF5F4DF0D08C38300B7A737 /* UIKit.framework */ = {isa = PBXFileReference; lastKnownFileType = wrapper.framework; name = UIKit.framework; path = System/Library/Frameworks/UIKit.framework; sourceTree = SDKROOT; };
		2892E40F0DC94CBA00A64D0F /* CoreGraphics.framework */ = {isa = PBXFileReference; lastKnownFileType = wrapper.framework; name = CoreGraphics.framework; path = System/Library/Frameworks/CoreGraphics.framework; sourceTree = SDKROOT; };
		28A0AAE50D9B0CCF005BE974 /* Lavaman_Prefix.pch */ = {isa = PBXFileReference; fileEncoding = 4; lastKnownFileType = sourcecode.c.h; path = Lavaman_Prefix.pch; sourceTree = "<group>"; };
		28AD735F0D9D9599002E5188 /* MainWindow.xib */ = {isa = PBXFileReference; lastKnownFileType = file.xib; path = MainWindow.xib; sourceTree = "<group>"; };
		29B97316FDCFA39411CA2CEA /* main.m */ = {isa = PBXFileReference; fileEncoding = 4; lastKnownFileType = sourcecode.c.objc; path = main.m; sourceTree = "<group>"; };
		6A258A4712B80F44009FD9B6 /* fairwinds.jpg */ = {isa = PBXFileReference; lastKnownFileType = image.jpeg; path = fairwinds.jpg; sourceTree = "<group>"; };
		6A258A4812B80F44009FD9B6 /* jackiereys.jpg */ = {isa = PBXFileReference; lastKnownFileType = image.jpeg; path = jackiereys.jpg; sourceTree = "<group>"; };
		6A258A4912B80F44009FD9B6 /* queens.jpg */ = {isa = PBXFileReference; lastKnownFileType = image.jpeg; path = queens.jpg; sourceTree = "<group>"; };
		6A2BBA6712AEC79200EECC62 /* water.jpg */ = {isa = PBXFileReference; lastKnownFileType = image.jpeg; path = water.jpg; sourceTree = "<group>"; };
		6AB62A0612B6CAEA00D94E12 /* FilledStar.png */ = {isa = PBXFileReference; lastKnownFileType = image.png; path = FilledStar.png; sourceTree = "<group>"; };
		6AE4F01912A8333900997657 /* bike.png */ = {isa = PBXFileReference; lastKnownFileType = image.png; name = bike.png; path = images/bike.png; sourceTree = "<group>"; };
		6AE4F01A12A8333900997657 /* camera.png */ = {isa = PBXFileReference; lastKnownFileType = image.png; name = camera.png; path = images/camera.png; sourceTree = "<group>"; };
		6AE4F01D12A8333900997657 /* gear.png */ = {isa = PBXFileReference; lastKnownFileType = image.png; name = gear.png; path = images/gear.png; sourceTree = "<group>"; };
		6AE4F01E12A8333900997657 /* hotel_bed.png */ = {isa = PBXFileReference; lastKnownFileType = image.png; name = hotel_bed.png; path = images/hotel_bed.png; sourceTree = "<group>"; };
		6AE4F01F12A8333900997657 /* ical.png */ = {isa = PBXFileReference; lastKnownFileType = image.png; name = ical.png; path = images/ical.png; sourceTree = "<group>"; };
		6AE4F02112A8333900997657 /* list-add.png */ = {isa = PBXFileReference; lastKnownFileType = image.png; name = "list-add.png"; path = "images/list-add.png"; sourceTree = "<group>"; };
		6AE4F02212A8333900997657 /* places.png */ = {isa = PBXFileReference; lastKnownFileType = image.png; name = places.png; path = images/places.png; sourceTree = "<group>"; };
		6AE4F02512A8333900997657 /* results.png */ = {isa = PBXFileReference; lastKnownFileType = image.png; name = results.png; path = images/results.png; sourceTree = "<group>"; };
		6AE4F02612A8333900997657 /* stop-watch.png */ = {isa = PBXFileReference; lastKnownFileType = image.png; name = "stop-watch.png"; path = "images/stop-watch.png"; sourceTree = "<group>"; };
		6AE4F04012A8336300997657 /* Lavaman.png */ = {isa = PBXFileReference; lastKnownFileType = image.png; name = Lavaman.png; path = logo/Lavaman.png; sourceTree = "<group>"; };
		6AE4F04212A8336300997657 /* RaceDirector.png */ = {isa = PBXFileReference; lastKnownFileType = image.png; name = RaceDirector.png; path = logo/RaceDirector.png; sourceTree = "<group>"; };
		6AE4F05412A8338700997657 /* coca_cola.jpg */ = {isa = PBXFileReference; lastKnownFileType = image.jpeg; path = coca_cola.jpg; sourceTree = "<group>"; };
		6AE4F05512A8338700997657 /* hammer.jpg */ = {isa = PBXFileReference; lastKnownFileType = image.jpeg; path = hammer.jpg; sourceTree = "<group>"; };
		6AE4F05612A8338700997657 /* hawaiiphotoman.jpg */ = {isa = PBXFileReference; lastKnownFileType = image.jpeg; path = hawaiiphotoman.jpg; sourceTree = "<group>"; };
		6AE4F05712A8338700997657 /* hilton.jpg */ = {isa = PBXFileReference; lastKnownFileType = image.jpeg; path = hilton.jpg; sourceTree = "<group>"; };
		6AE4F05912A8338700997657 /* HolidayInn.JPG */ = {isa = PBXFileReference; lastKnownFileType = image.jpeg; path = HolidayInn.JPG; sourceTree = "<group>"; };
		6AE4F05B12A8338700997657 /* konabrew.jpg */ = {isa = PBXFileReference; lastKnownFileType = image.jpeg; path = konabrew.jpg; sourceTree = "<group>"; };
		6AE4F05D12A8338700997657 /* mcdonalds.jpg */ = {isa = PBXFileReference; lastKnownFileType = image.jpeg; path = mcdonalds.jpg; sourceTree = "<group>"; };
		6AE4F05F12A8338700997657 /* starbucks.jpg */ = {isa = PBXFileReference; lastKnownFileType = image.jpeg; path = starbucks.jpg; sourceTree = "<group>"; };
		6AE4F06112A8338700997657 /* xterra.jpg */ = {isa = PBXFileReference; lastKnownFileType = image.jpeg; path = xterra.jpg; sourceTree = "<group>"; };
		6AE4F08212A833DA00997657 /* black_button.png */ = {isa = PBXFileReference; lastKnownFileType = image.png; path = black_button.png; sourceTree = "<group>"; };
		6AE4F08312A833DA00997657 /* But_5.png */ = {isa = PBXFileReference; lastKnownFileType = image.png; path = But_5.png; sourceTree = "<group>"; };
		6AE4F08412A833DA00997657 /* button_down.png */ = {isa = PBXFileReference; lastKnownFileType = image.png; path = button_down.png; sourceTree = "<group>"; };
		6AE4F08512A833DA00997657 /* button_up.png */ = {isa = PBXFileReference; lastKnownFileType = image.png; path = button_up.png; sourceTree = "<group>"; };
		6AE4F0E612A8395D00997657 /* karolina.jpg */ = {isa = PBXFileReference; lastKnownFileType = image.jpeg; path = karolina.jpg; sourceTree = "<group>"; };
		6AE4F0E812A8397D00997657 /* bikeworks.jpg */ = {isa = PBXFileReference; lastKnownFileType = image.jpeg; path = bikeworks.jpg; sourceTree = "<group>"; };
		6AE4F0EA12A8399500997657 /* todd.jpg */ = {isa = PBXFileReference; lastKnownFileType = image.jpeg; path = todd.jpg; sourceTree = "<group>"; };
		6AE4F0EC12A839B800997657 /* luis.jpg */ = {isa = PBXFileReference; lastKnownFileType = image.jpeg; path = luis.jpg; sourceTree = "<group>"; };
		6E154355127B5B4F00C97C88 /* RootViewController.h */ = {isa = PBXFileReference; fileEncoding = 4; lastKnownFileType = sourcecode.c.h; name = RootViewController.h; path = Classes/RootViewController.h; sourceTree = "<group>"; };
		6E154356127B5B4F00C97C88 /* RootViewController.m */ = {isa = PBXFileReference; fileEncoding = 4; lastKnownFileType = sourcecode.c.objc; name = RootViewController.m; path = Classes/RootViewController.m; sourceTree = "<group>"; };
		6E154357127B5B4F00C97C88 /* RootViewController.xib */ = {isa = PBXFileReference; lastKnownFileType = file.xib; name = RootViewController.xib; path = Classes/RootViewController.xib; sourceTree = "<group>"; };
		6E154374127B5E6300C97C88 /* RegistrationResultsPhotos.h */ = {isa = PBXFileReference; fileEncoding = 4; lastKnownFileType = sourcecode.c.h; name = RegistrationResultsPhotos.h; path = Classes/RegistrationResultsPhotos.h; sourceTree = "<group>"; };
		6E154375127B5E6300C97C88 /* RegistrationResultsPhotos.m */ = {isa = PBXFileReference; fileEncoding = 4; lastKnownFileType = sourcecode.c.objc; name = RegistrationResultsPhotos.m; path = Classes/RegistrationResultsPhotos.m; sourceTree = "<group>"; };
		6E154376127B5E6300C97C88 /* RegistrationResultsPhotos.xib */ = {isa = PBXFileReference; lastKnownFileType = file.xib; name = RegistrationResultsPhotos.xib; path = Classes/RegistrationResultsPhotos.xib; sourceTree = "<group>"; };
		6E392CE71299B06E00F4EDF1 /* untitled.m */ = {isa = PBXFileReference; fileEncoding = 4; lastKnownFileType = sourcecode.c.objc; path = untitled.m; sourceTree = "<group>"; };
		6E4B3B6D128329B8003658B1 /* icon.jpg */ = {isa = PBXFileReference; lastKnownFileType = image.jpeg; name = icon.jpg; path = images/icon.jpg; sourceTree = "<group>"; };
		6E4B3BAE1289A7A2003658B1 /* background.jpg */ = {isa = PBXFileReference; lastKnownFileType = image.jpeg; name = background.jpg; path = images/background.jpg; sourceTree = "<group>"; };
		6E4B3D3A1289E2E2003658B1 /* logo.png */ = {isa = PBXFileReference; lastKnownFileType = image.png; name = logo.png; path = images/logo.png; sourceTree = "<group>"; };
		6E4B3D961289E733003658B1 /* EventKit.framework */ = {isa = PBXFileReference; lastKnownFileType = wrapper.framework; name = EventKit.framework; path = System/Library/Frameworks/EventKit.framework; sourceTree = SDKROOT; };
		6E4B3FBC128B3F66003658B1 /* ical_38.png */ = {isa = PBXFileReference; lastKnownFileType = image.png; name = ical_38.png; path = images/ical_38.png; sourceTree = "<group>"; };
		6E4B3FD0128B408E003658B1 /* ical_30.png */ = {isa = PBXFileReference; lastKnownFileType = image.png; name = ical_30.png; path = images/ical_30.png; sourceTree = "<group>"; };
		6E4B3FD3128B4108003658B1 /* ical_26.png */ = {isa = PBXFileReference; lastKnownFileType = image.png; name = ical_26.png; path = images/ical_26.png; sourceTree = "<group>"; };
		6E4B410E128BFF65003658B1 /* NewsHeaderTableViewCell.h */ = {isa = PBXFileReference; fileEncoding = 4; lastKnownFileType = sourcecode.c.h; path = NewsHeaderTableViewCell.h; sourceTree = "<group>"; };
		6E4B410F128BFF65003658B1 /* NewsHeaderTableViewCell.m */ = {isa = PBXFileReference; fileEncoding = 4; lastKnownFileType = sourcecode.c.objc; path = NewsHeaderTableViewCell.m; sourceTree = "<group>"; };
		6E4B4114128C012B003658B1 /* NewsHeaderTableViewCell.xib */ = {isa = PBXFileReference; lastKnownFileType = file.xib; path = NewsHeaderTableViewCell.xib; sourceTree = "<group>"; };
		6E4B418F128C0EF4003658B1 /* NewsDetailViewController.h */ = {isa = PBXFileReference; fileEncoding = 4; lastKnownFileType = sourcecode.c.h; name = NewsDetailViewController.h; path = Classes/NewsDetailViewController.h; sourceTree = "<group>"; };
		6E4B4190128C0EF4003658B1 /* NewsDetailViewController.m */ = {isa = PBXFileReference; fileEncoding = 4; lastKnownFileType = sourcecode.c.objc; name = NewsDetailViewController.m; path = Classes/NewsDetailViewController.m; sourceTree = "<group>"; };
		6E4B4191128C0EF4003658B1 /* NewsDetailViewController.xib */ = {isa = PBXFileReference; lastKnownFileType = file.xib; name = NewsDetailViewController.xib; path = Classes/NewsDetailViewController.xib; sourceTree = "<group>"; };
		6E4B421C128C23D4003658B1 /* PasteCalculatorViewController.h */ = {isa = PBXFileReference; fileEncoding = 4; lastKnownFileType = sourcecode.c.h; name = PasteCalculatorViewController.h; path = Classes/PasteCalculatorViewController.h; sourceTree = "<group>"; };
		6E4B421D128C23D4003658B1 /* PasteCalculatorViewController.m */ = {isa = PBXFileReference; fileEncoding = 4; lastKnownFileType = sourcecode.c.objc; name = PasteCalculatorViewController.m; path = Classes/PasteCalculatorViewController.m; sourceTree = "<group>"; };
		6E4B421E128C23D4003658B1 /* PasteCalculatorViewController.xib */ = {isa = PBXFileReference; lastKnownFileType = file.xib; name = PasteCalculatorViewController.xib; path = Classes/PasteCalculatorViewController.xib; sourceTree = "<group>"; };
		6E507EA21281D7FE004D3212 /* SponsorsCreator.h */ = {isa = PBXFileReference; fileEncoding = 4; lastKnownFileType = sourcecode.c.h; path = SponsorsCreator.h; sourceTree = "<group>"; };
		6E507EA31281D7FE004D3212 /* SponsorsCreator.m */ = {isa = PBXFileReference; fileEncoding = 4; lastKnownFileType = sourcecode.c.objc; path = SponsorsCreator.m; sourceTree = "<group>"; };
		6E507EB61281D9DE004D3212 /* TrainingToolsViewController.h */ = {isa = PBXFileReference; fileEncoding = 4; lastKnownFileType = sourcecode.c.h; name = TrainingToolsViewController.h; path = Classes/TrainingToolsViewController.h; sourceTree = "<group>"; };
		6E507EB71281D9DE004D3212 /* TrainingToolsViewController.m */ = {isa = PBXFileReference; fileEncoding = 4; lastKnownFileType = sourcecode.c.objc; name = TrainingToolsViewController.m; path = Classes/TrainingToolsViewController.m; sourceTree = "<group>"; };
		6E507EB81281D9DE004D3212 /* TrainingToolsViewController.xib */ = {isa = PBXFileReference; lastKnownFileType = file.xib; name = TrainingToolsViewController.xib; path = Classes/TrainingToolsViewController.xib; sourceTree = "<group>"; };
		6E507F071281DECD004D3212 /* mail.png */ = {isa = PBXFileReference; lastKnownFileType = image.png; name = mail.png; path = images/mail.png; sourceTree = "<group>"; };
		6E9A98401299116400E3BB4B /* white_button.png */ = {isa = PBXFileReference; lastKnownFileType = image.png; name = white_button.png; path = ../images/white_button.png; sourceTree = "<group>"; };
		6E9A98A412993EEC00E3BB4B /* iAd.framework */ = {isa = PBXFileReference; lastKnownFileType = wrapper.framework; name = iAd.framework; path = System/Library/Frameworks/iAd.framework; sourceTree = SDKROOT; };
		6EA6AC0412B6991B006DDC11 /* FilledStar.png */ = {isa = PBXFileReference; lastKnownFileType = image.png; path = FilledStar.png; sourceTree = "<group>"; };
		6EB8E01A127DDB1A00469C33 /* MessageList.h */ = {isa = PBXFileReference; fileEncoding = 4; lastKnownFileType = sourcecode.c.h; name = MessageList.h; path = Classes/MessageList.h; sourceTree = "<group>"; };
		6EB8E01B127DDB1A00469C33 /* MessageList.m */ = {isa = PBXFileReference; fileEncoding = 4; lastKnownFileType = sourcecode.c.objc; name = MessageList.m; path = Classes/MessageList.m; sourceTree = "<group>"; };
		6EB8E01C127DDB1A00469C33 /* MessageList.xib */ = {isa = PBXFileReference; lastKnownFileType = file.xib; name = MessageList.xib; path = Classes/MessageList.xib; sourceTree = "<group>"; };
		6EB8E02B127DDBDA00469C33 /* MessageContainer.h */ = {isa = PBXFileReference; fileEncoding = 4; lastKnownFileType = sourcecode.c.h; path = MessageContainer.h; sourceTree = "<group>"; };
		6EB8E02C127DDBDA00469C33 /* MessageContainer.m */ = {isa = PBXFileReference; fileEncoding = 4; lastKnownFileType = sourcecode.c.objc; path = MessageContainer.m; sourceTree = "<group>"; };
		6EB8E0DF127DEFA600469C33 /* Message.h */ = {isa = PBXFileReference; fileEncoding = 4; lastKnownFileType = sourcecode.c.h; path = Message.h; sourceTree = "<group>"; };
		6EB8E0E0127DEFA600469C33 /* Message.m */ = {isa = PBXFileReference; fileEncoding = 4; lastKnownFileType = sourcecode.c.objc; path = Message.m; sourceTree = "<group>"; };
		6EB8E2661280677100469C33 /* Category.h */ = {isa = PBXFileReference; fileEncoding = 4; lastKnownFileType = sourcecode.c.h; path = Category.h; sourceTree = "<group>"; };
		6EB8E2671280677100469C33 /* Category.m */ = {isa = PBXFileReference; fileEncoding = 4; lastKnownFileType = sourcecode.c.objc; path = Category.m; sourceTree = "<group>"; };
		6EB8E26F12806A7900469C33 /* Item.h */ = {isa = PBXFileReference; fileEncoding = 4; lastKnownFileType = sourcecode.c.h; path = Item.h; sourceTree = "<group>"; };
		6EB8E27012806A7900469C33 /* Item.m */ = {isa = PBXFileReference; fileEncoding = 4; lastKnownFileType = sourcecode.c.objc; path = Item.m; sourceTree = "<group>"; };
		6EB8E27612806BBA00469C33 /* CategoryViewController.h */ = {isa = PBXFileReference; fileEncoding = 4; lastKnownFileType = sourcecode.c.h; name = CategoryViewController.h; path = Classes/CategoryViewController.h; sourceTree = "<group>"; };
		6EB8E27712806BBA00469C33 /* CategoryViewController.m */ = {isa = PBXFileReference; fileEncoding = 4; lastKnownFileType = sourcecode.c.objc; name = CategoryViewController.m; path = Classes/CategoryViewController.m; sourceTree = "<group>"; };
		6EB8E27812806BBA00469C33 /* CategoryViewController.xib */ = {isa = PBXFileReference; lastKnownFileType = file.xib; name = CategoryViewController.xib; path = Classes/CategoryViewController.xib; sourceTree = "<group>"; };
		6EB8E2D21280758A00469C33 /* TravelActivitiesViewController.h */ = {isa = PBXFileReference; fileEncoding = 4; lastKnownFileType = sourcecode.c.h; name = TravelActivitiesViewController.h; path = Classes/TravelActivitiesViewController.h; sourceTree = "<group>"; };
		6EB8E2D31280758A00469C33 /* TravelActivitiesViewController.m */ = {isa = PBXFileReference; fileEncoding = 4; lastKnownFileType = sourcecode.c.objc; name = TravelActivitiesViewController.m; path = Classes/TravelActivitiesViewController.m; sourceTree = "<group>"; };
		6EB8E2D41280758A00469C33 /* TravelActivitiesViewController.xib */ = {isa = PBXFileReference; lastKnownFileType = file.xib; name = TravelActivitiesViewController.xib; path = Classes/TravelActivitiesViewController.xib; sourceTree = "<group>"; };
		6EB8E305128078C900469C33 /* TravelActivitiesCreator.h */ = {isa = PBXFileReference; fileEncoding = 4; lastKnownFileType = sourcecode.c.h; path = TravelActivitiesCreator.h; sourceTree = "<group>"; };
		6EB8E306128078C900469C33 /* TravelActivitiesCreator.m */ = {isa = PBXFileReference; fileEncoding = 4; lastKnownFileType = sourcecode.c.objc; path = TravelActivitiesCreator.m; sourceTree = "<group>"; };
		6EB8E37812807E0B00469C33 /* ItemViewController.h */ = {isa = PBXFileReference; fileEncoding = 4; lastKnownFileType = sourcecode.c.h; name = ItemViewController.h; path = Classes/ItemViewController.h; sourceTree = "<group>"; };
		6EB8E37912807E0B00469C33 /* ItemViewController.m */ = {isa = PBXFileReference; fileEncoding = 4; lastKnownFileType = sourcecode.c.objc; name = ItemViewController.m; path = Classes/ItemViewController.m; sourceTree = "<group>"; };
		6EB8E37A12807E0B00469C33 /* ItemViewController.xib */ = {isa = PBXFileReference; lastKnownFileType = file.xib; name = ItemViewController.xib; path = Classes/ItemViewController.xib; sourceTree = "<group>"; };
		6EB8E3B7128083ED00469C33 /* ItemsToDoViewController.h */ = {isa = PBXFileReference; fileEncoding = 4; lastKnownFileType = sourcecode.c.h; name = ItemsToDoViewController.h; path = Classes/ItemsToDoViewController.h; sourceTree = "<group>"; };
		6EB8E3B8128083ED00469C33 /* ItemsToDoViewController.m */ = {isa = PBXFileReference; fileEncoding = 4; lastKnownFileType = sourcecode.c.objc; name = ItemsToDoViewController.m; path = Classes/ItemsToDoViewController.m; sourceTree = "<group>"; };
		6EB8E3B9128083ED00469C33 /* ItemsToDoViewController.xib */ = {isa = PBXFileReference; lastKnownFileType = file.xib; name = ItemsToDoViewController.xib; path = Classes/ItemsToDoViewController.xib; sourceTree = "<group>"; };
		6EB8E4451281BC2700469C33 /* RaceInfo.h */ = {isa = PBXFileReference; fileEncoding = 4; lastKnownFileType = sourcecode.c.h; path = RaceInfo.h; sourceTree = "<group>"; };
		6EB8E4461281BC2700469C33 /* RaceInfo.m */ = {isa = PBXFileReference; fileEncoding = 4; lastKnownFileType = sourcecode.c.objc; path = RaceInfo.m; sourceTree = "<group>"; };
		6EB8E4481281BC8500469C33 /* RaceDay.h */ = {isa = PBXFileReference; fileEncoding = 4; lastKnownFileType = sourcecode.c.h; path = RaceDay.h; sourceTree = "<group>"; };
		6EB8E4491281BC8500469C33 /* RaceDay.m */ = {isa = PBXFileReference; fileEncoding = 4; lastKnownFileType = sourcecode.c.objc; path = RaceDay.m; sourceTree = "<group>"; };
		6EB8E44B1281BCB900469C33 /* RaceEvent.h */ = {isa = PBXFileReference; fileEncoding = 4; lastKnownFileType = sourcecode.c.h; path = RaceEvent.h; sourceTree = "<group>"; };
		6EB8E44C1281BCB900469C33 /* RaceEvent.m */ = {isa = PBXFileReference; fileEncoding = 4; lastKnownFileType = sourcecode.c.objc; path = RaceEvent.m; sourceTree = "<group>"; };
		6EB8E4681281C23300469C33 /* RaceInformationViewController.h */ = {isa = PBXFileReference; fileEncoding = 4; lastKnownFileType = sourcecode.c.h; name = RaceInformationViewController.h; path = Classes/RaceInformationViewController.h; sourceTree = "<group>"; };
		6EB8E4691281C23300469C33 /* RaceInformationViewController.m */ = {isa = PBXFileReference; fileEncoding = 4; lastKnownFileType = sourcecode.c.objc; name = RaceInformationViewController.m; path = Classes/RaceInformationViewController.m; sourceTree = "<group>"; };
		6EB8E46A1281C23300469C33 /* RaceInformationViewController.xib */ = {isa = PBXFileReference; lastKnownFileType = file.xib; name = RaceInformationViewController.xib; path = Classes/RaceInformationViewController.xib; sourceTree = "<group>"; };
		6EB8E46D1281C2AA00469C33 /* RaceInformationCreator.h */ = {isa = PBXFileReference; fileEncoding = 4; lastKnownFileType = sourcecode.c.h; path = RaceInformationCreator.h; sourceTree = "<group>"; };
		6EB8E46E1281C2AA00469C33 /* RaceInformationCreator.m */ = {isa = PBXFileReference; fileEncoding = 4; lastKnownFileType = sourcecode.c.objc; path = RaceInformationCreator.m; sourceTree = "<group>"; };
		6EF784E71291B2910089BEC6 /* calc.png */ = {isa = PBXFileReference; lastKnownFileType = image.png; name = calc.png; path = images/calc.png; sourceTree = "<group>"; };
		6EF784E91291B2910089BEC6 /* watch.png */ = {isa = PBXFileReference; lastKnownFileType = image.png; name = watch.png; path = images/watch.png; sourceTree = "<group>"; };
		6EF784FB1291B3B70089BEC6 /* CustomButtonViewController.h */ = {isa = PBXFileReference; fileEncoding = 4; lastKnownFileType = sourcecode.c.h; name = CustomButtonViewController.h; path = Classes/CustomButtonViewController.h; sourceTree = "<group>"; };
		6EF784FC1291B3B70089BEC6 /* CustomButtonViewController.m */ = {isa = PBXFileReference; fileEncoding = 4; lastKnownFileType = sourcecode.c.objc; name = CustomButtonViewController.m; path = Classes/CustomButtonViewController.m; sourceTree = "<group>"; };
		6EF784FD1291B3B70089BEC6 /* CustomButtonViewController.xib */ = {isa = PBXFileReference; lastKnownFileType = file.xib; name = CustomButtonViewController.xib; path = Classes/CustomButtonViewController.xib; sourceTree = "<group>"; };
		6EF786631291C8C30089BEC6 /* mail_new.png */ = {isa = PBXFileReference; lastKnownFileType = image.png; name = mail_new.png; path = images/mail_new.png; sourceTree = "<group>"; };
		6EF7870612932A430089BEC6 /* ItemMapViewController.h */ = {isa = PBXFileReference; fileEncoding = 4; lastKnownFileType = sourcecode.c.h; name = ItemMapViewController.h; path = Classes/ItemMapViewController.h; sourceTree = "<group>"; };
		6EF7870712932A430089BEC6 /* ItemMapViewController.m */ = {isa = PBXFileReference; fileEncoding = 4; lastKnownFileType = sourcecode.c.objc; name = ItemMapViewController.m; path = Classes/ItemMapViewController.m; sourceTree = "<group>"; };
		6EF7870812932A430089BEC6 /* ItemMapViewController.xib */ = {isa = PBXFileReference; lastKnownFileType = file.xib; name = ItemMapViewController.xib; path = Classes/ItemMapViewController.xib; sourceTree = "<group>"; };
		6EF7872B12932CE00089BEC6 /* MapKit.framework */ = {isa = PBXFileReference; lastKnownFileType = wrapper.framework; name = MapKit.framework; path = System/Library/Frameworks/MapKit.framework; sourceTree = SDKROOT; };
		6EF7873312932DD60089BEC6 /* AddressAnnotation.h */ = {isa = PBXFileReference; fileEncoding = 4; lastKnownFileType = sourcecode.c.h; path = AddressAnnotation.h; sourceTree = "<group>"; };
		6EF7873412932DD60089BEC6 /* AddressAnnotation.m */ = {isa = PBXFileReference; fileEncoding = 4; lastKnownFileType = sourcecode.c.objc; path = AddressAnnotation.m; sourceTree = "<group>"; };
		6EF788721293FE0F0089BEC6 /* activities_category.png */ = {isa = PBXFileReference; lastKnownFileType = image.png; name = activities_category.png; path = images/activities_category.png; sourceTree = "<group>"; };
		6EF7890312940F870089BEC6 /* CustomButtonData.h */ = {isa = PBXFileReference; fileEncoding = 4; lastKnownFileType = sourcecode.c.h; path = CustomButtonData.h; sourceTree = "<group>"; };
		6EF7890412940F870089BEC6 /* CustomButtonData.m */ = {isa = PBXFileReference; fileEncoding = 4; lastKnownFileType = sourcecode.c.objc; path = CustomButtonData.m; sourceTree = "<group>"; };
		6EF78D8F12983FD60089BEC6 /* RaceEventViewController.h */ = {isa = PBXFileReference; fileEncoding = 4; lastKnownFileType = sourcecode.c.h; path = RaceEventViewController.h; sourceTree = "<group>"; };
		6EF78D9012983FD60089BEC6 /* RaceEventViewController.m */ = {isa = PBXFileReference; fileEncoding = 4; lastKnownFileType = sourcecode.c.objc; path = RaceEventViewController.m; sourceTree = "<group>"; };
		6EF78D9112983FD60089BEC6 /* RaceEventViewController.xib */ = {isa = PBXFileReference; lastKnownFileType = file.xib; path = RaceEventViewController.xib; sourceTree = "<group>"; };
		6EF78E1212984DF30089BEC6 /* RaceEventDetailsViewController.h */ = {isa = PBXFileReference; fileEncoding = 4; lastKnownFileType = sourcecode.c.h; path = RaceEventDetailsViewController.h; sourceTree = "<group>"; };
		6EF78E1312984DF30089BEC6 /* RaceEventDetailsViewController.m */ = {isa = PBXFileReference; fileEncoding = 4; lastKnownFileType = sourcecode.c.objc; path = RaceEventDetailsViewController.m; sourceTree = "<group>"; };
		6EF78E1412984DF30089BEC6 /* RaceEventDetailsViewController.xib */ = {isa = PBXFileReference; lastKnownFileType = file.xib; path = RaceEventDetailsViewController.xib; sourceTree = "<group>"; };
		8D1107310486CEB800E47090 /* Lavaman-Info.plist */ = {isa = PBXFileReference; fileEncoding = 4; lastKnownFileType = text.plist.xml; path = "Lavaman-Info.plist"; plistStructureDefinitionIdentifier = "com.apple.xcode.plist.structure-definition.iphone.info-plist"; sourceTree = "<group>"; };
/* End PBXFileReference section */

/* Begin PBXFrameworksBuildPhase section */
		1D60588F0D05DD3D006BFB54 /* Frameworks */ = {
			isa = PBXFrameworksBuildPhase;
			buildActionMask = 2147483647;
			files = (
				1D60589F0D05DD5A006BFB54 /* Foundation.framework in Frameworks */,
				1DF5F4E00D08C38300B7A737 /* UIKit.framework in Frameworks */,
				2892E4100DC94CBA00A64D0F /* CoreGraphics.framework in Frameworks */,
				6E4B3D971289E733003658B1 /* EventKit.framework in Frameworks */,
				6EF7872C12932CE00089BEC6 /* MapKit.framework in Frameworks */,
				6E9A98A512993EEC00E3BB4B /* iAd.framework in Frameworks */,
			);
			runOnlyForDeploymentPostprocessing = 0;
		};
/* End PBXFrameworksBuildPhase section */

/* Begin PBXGroup section */
		19C28FACFE9D520D11CA2CBB /* Products */ = {
			isa = PBXGroup;
			children = (
				1D6058910D05DD3D006BFB54 /* Lavaman.app */,
			);
			name = Products;
			sourceTree = "<group>";
		};
		29B97314FDCFA39411CA2CEA /* CustomTemplate */ = {
			isa = PBXGroup;
			children = (
				6EF7888E129406D60089BEC6 /* Code */,
				29B97315FDCFA39411CA2CEA /* Other Sources */,
				29B97317FDCFA39411CA2CEA /* Resources */,
				29B97323FDCFA39411CA2CEA /* Frameworks */,
				19C28FACFE9D520D11CA2CBB /* Products */,
			);
			name = CustomTemplate;
			sourceTree = "<group>";
		};
		29B97315FDCFA39411CA2CEA /* Other Sources */ = {
			isa = PBXGroup;
			children = (
				1D3623240D0F684500981E51 /* LavamanAppDelegate.h */,
				1D3623250D0F684500981E51 /* LavamanAppDelegate.m */,
				28A0AAE50D9B0CCF005BE974 /* Lavaman_Prefix.pch */,
				29B97316FDCFA39411CA2CEA /* main.m */,
			);
			name = "Other Sources";
			sourceTree = "<group>";
		};
		29B97317FDCFA39411CA2CEA /* Resources */ = {
			isa = PBXGroup;
			children = (
				6AB62A0612B6CAEA00D94E12 /* FilledStar.png */,
				6A2BBA6712AEC79200EECC62 /* water.jpg */,
				6AE4F04012A8336300997657 /* Lavaman.png */,
				6AE4F04212A8336300997657 /* RaceDirector.png */,
				6E4B3D3A1289E2E2003658B1 /* logo.png */,
				6E4B3BAE1289A7A2003658B1 /* background.jpg */,
				6E4B3B6D128329B8003658B1 /* icon.jpg */,
				6AE4F08112A833DA00997657 /* buttons */,
				6AE4F05212A8338700997657 /* Sponsors */,
				6EF7888D129406CF0089BEC6 /* Xml */,
				6EB8E32012807AA300469C33 /* Images */,
				28AD735F0D9D9599002E5188 /* MainWindow.xib */,
				8D1107310486CEB800E47090 /* Lavaman-Info.plist */,
			);
			name = Resources;
			sourceTree = "<group>";
		};
		29B97323FDCFA39411CA2CEA /* Frameworks */ = {
			isa = PBXGroup;
			children = (
				1DF5F4DF0D08C38300B7A737 /* UIKit.framework */,
				1D30AB110D05D00D00671497 /* Foundation.framework */,
				2892E40F0DC94CBA00A64D0F /* CoreGraphics.framework */,
				6E4B3D961289E733003658B1 /* EventKit.framework */,
				6EF7872B12932CE00089BEC6 /* MapKit.framework */,
				6E9A98A412993EEC00E3BB4B /* iAd.framework */,
			);
			name = Frameworks;
			sourceTree = "<group>";
		};
		6AE4F05212A8338700997657 /* Sponsors */ = {
			isa = PBXGroup;
			children = (
				6A258A4712B80F44009FD9B6 /* fairwinds.jpg */,
				6A258A4812B80F44009FD9B6 /* jackiereys.jpg */,
				6A258A4912B80F44009FD9B6 /* queens.jpg */,
				6AE4F0EC12A839B800997657 /* luis.jpg */,
				6AE4F0EA12A8399500997657 /* todd.jpg */,
				6AE4F0E812A8397D00997657 /* bikeworks.jpg */,
				6AE4F0E612A8395D00997657 /* karolina.jpg */,
				6AE4F05412A8338700997657 /* coca_cola.jpg */,
				6AE4F05512A8338700997657 /* hammer.jpg */,
				6AE4F05612A8338700997657 /* hawaiiphotoman.jpg */,
				6AE4F05712A8338700997657 /* hilton.jpg */,
				6AE4F05912A8338700997657 /* HolidayInn.JPG */,
				6AE4F05B12A8338700997657 /* konabrew.jpg */,
				6AE4F05D12A8338700997657 /* mcdonalds.jpg */,
				6AE4F05F12A8338700997657 /* starbucks.jpg */,
				6AE4F06112A8338700997657 /* xterra.jpg */,
			);
			name = Sponsors;
			path = Sponsors/Sponsors;
			sourceTree = "<group>";
		};
		6AE4F08112A833DA00997657 /* buttons */ = {
			isa = PBXGroup;
			children = (
				6E9A98401299116400E3BB4B /* white_button.png */,
				6AE4F08212A833DA00997657 /* black_button.png */,
				6AE4F08312A833DA00997657 /* But_5.png */,
				6AE4F08412A833DA00997657 /* button_down.png */,
				6AE4F08512A833DA00997657 /* button_up.png */,
			);
			path = buttons;
			sourceTree = "<group>";
		};
		6EB8E32012807AA300469C33 /* Images */ = {
			isa = PBXGroup;
			children = (
				6EA6AC0412B6991B006DDC11 /* FilledStar.png */,
				6AE4F01912A8333900997657 /* bike.png */,
				6AE4F01A12A8333900997657 /* camera.png */,
				6AE4F01F12A8333900997657 /* ical.png */,
				6AE4F01D12A8333900997657 /* gear.png */,
				6AE4F01E12A8333900997657 /* hotel_bed.png */,
				6AE4F02112A8333900997657 /* list-add.png */,
				6AE4F02212A8333900997657 /* places.png */,
				6AE4F02512A8333900997657 /* results.png */,
				6AE4F02612A8333900997657 /* stop-watch.png */,
				6EF788721293FE0F0089BEC6 /* activities_category.png */,
				6EF786631291C8C30089BEC6 /* mail_new.png */,
				6EF784E71291B2910089BEC6 /* calc.png */,
				6EF784E91291B2910089BEC6 /* watch.png */,
				6E4B3FD3128B4108003658B1 /* ical_26.png */,
				6E4B3FD0128B408E003658B1 /* ical_30.png */,
				6E4B3FBC128B3F66003658B1 /* ical_38.png */,
				6E507F071281DECD004D3212 /* mail.png */,
			);
			name = Images;
			sourceTree = "<group>";
		};
		6EF7888D129406CF0089BEC6 /* Xml */ = {
			isa = PBXGroup;
			children = (
			);
			name = Xml;
			sourceTree = "<group>";
		};
		6EF7888E129406D60089BEC6 /* Code */ = {
			isa = PBXGroup;
			children = (
				6EF78892129406EF0089BEC6 /* Components */,
				6EF78891129406EA0089BEC6 /* Pages */,
				6EF78890129406E20089BEC6 /* Utilities */,
				6EF7888F129406DD0089BEC6 /* Model */,
				6E392CE71299B06E00F4EDF1 /* untitled.m */,
			);
			name = Code;
			sourceTree = "<group>";
		};
		6EF7888F129406DD0089BEC6 /* Model */ = {
			isa = PBXGroup;
			children = (
				6EB8E0DF127DEFA600469C33 /* Message.h */,
				6EB8E0E0127DEFA600469C33 /* Message.m */,
				6EB8E2661280677100469C33 /* Category.h */,
				6EB8E2671280677100469C33 /* Category.m */,
				6EB8E26F12806A7900469C33 /* Item.h */,
				6EB8E27012806A7900469C33 /* Item.m */,
				6EB8E4451281BC2700469C33 /* RaceInfo.h */,
				6EB8E4461281BC2700469C33 /* RaceInfo.m */,
				6EB8E4481281BC8500469C33 /* RaceDay.h */,
				6EB8E4491281BC8500469C33 /* RaceDay.m */,
				6EB8E44B1281BCB900469C33 /* RaceEvent.h */,
				6EB8E44C1281BCB900469C33 /* RaceEvent.m */,
				6EF7873312932DD60089BEC6 /* AddressAnnotation.h */,
				6EF7873412932DD60089BEC6 /* AddressAnnotation.m */,
			);
			name = Model;
			sourceTree = "<group>";
		};
		6EF78890129406E20089BEC6 /* Utilities */ = {
			isa = PBXGroup;
			children = (
				6EB8E02B127DDBDA00469C33 /* MessageContainer.h */,
				6EB8E02C127DDBDA00469C33 /* MessageContainer.m */,
				6EB8E305128078C900469C33 /* TravelActivitiesCreator.h */,
				6EB8E306128078C900469C33 /* TravelActivitiesCreator.m */,
				6EB8E46D1281C2AA00469C33 /* RaceInformationCreator.h */,
				6EB8E46E1281C2AA00469C33 /* RaceInformationCreator.m */,
				6E507EA21281D7FE004D3212 /* SponsorsCreator.h */,
				6E507EA31281D7FE004D3212 /* SponsorsCreator.m */,
			);
			name = Utilities;
			sourceTree = "<group>";
		};
		6EF78891129406EA0089BEC6 /* Pages */ = {
			isa = PBXGroup;
			children = (
				6E154355127B5B4F00C97C88 /* RootViewController.h */,
				6E154356127B5B4F00C97C88 /* RootViewController.m */,
				6E154357127B5B4F00C97C88 /* RootViewController.xib */,
				6E154374127B5E6300C97C88 /* RegistrationResultsPhotos.h */,
				6E154375127B5E6300C97C88 /* RegistrationResultsPhotos.m */,
				6E154376127B5E6300C97C88 /* RegistrationResultsPhotos.xib */,
				6EB8E01A127DDB1A00469C33 /* MessageList.h */,
				6EB8E01B127DDB1A00469C33 /* MessageList.m */,
				6EB8E01C127DDB1A00469C33 /* MessageList.xib */,
				6EB8E2D21280758A00469C33 /* TravelActivitiesViewController.h */,
				6EB8E2D31280758A00469C33 /* TravelActivitiesViewController.m */,
				6EB8E2D41280758A00469C33 /* TravelActivitiesViewController.xib */,
				6EB8E3B7128083ED00469C33 /* ItemsToDoViewController.h */,
				6EB8E3B8128083ED00469C33 /* ItemsToDoViewController.m */,
				6EB8E3B9128083ED00469C33 /* ItemsToDoViewController.xib */,
				6EB8E4681281C23300469C33 /* RaceInformationViewController.h */,
				6EB8E4691281C23300469C33 /* RaceInformationViewController.m */,
				6EB8E46A1281C23300469C33 /* RaceInformationViewController.xib */,
				6E507EB61281D9DE004D3212 /* TrainingToolsViewController.h */,
				6E507EB71281D9DE004D3212 /* TrainingToolsViewController.m */,
				6E507EB81281D9DE004D3212 /* TrainingToolsViewController.xib */,
				6E4B418F128C0EF4003658B1 /* NewsDetailViewController.h */,
				6E4B4190128C0EF4003658B1 /* NewsDetailViewController.m */,
				6E4B4191128C0EF4003658B1 /* NewsDetailViewController.xib */,
				6EF7870612932A430089BEC6 /* ItemMapViewController.h */,
				6EF7870712932A430089BEC6 /* ItemMapViewController.m */,
				6EF7870812932A430089BEC6 /* ItemMapViewController.xib */,
				6E4B421C128C23D4003658B1 /* PasteCalculatorViewController.h */,
				6E4B421D128C23D4003658B1 /* PasteCalculatorViewController.m */,
				6E4B421E128C23D4003658B1 /* PasteCalculatorViewController.xib */,
			);
			name = Pages;
			sourceTree = "<group>";
		};
		6EF78892129406EF0089BEC6 /* Components */ = {
			isa = PBXGroup;
			children = (
				6EB8E27612806BBA00469C33 /* CategoryViewController.h */,
				6EB8E27712806BBA00469C33 /* CategoryViewController.m */,
				6EB8E27812806BBA00469C33 /* CategoryViewController.xib */,
				6EB8E37812807E0B00469C33 /* ItemViewController.h */,
				6EB8E37912807E0B00469C33 /* ItemViewController.m */,
				6EB8E37A12807E0B00469C33 /* ItemViewController.xib */,
				6EF784FB1291B3B70089BEC6 /* CustomButtonViewController.h */,
				6EF784FC1291B3B70089BEC6 /* CustomButtonViewController.m */,
				6EF784FD1291B3B70089BEC6 /* CustomButtonViewController.xib */,
				6EF7890312940F870089BEC6 /* CustomButtonData.h */,
				6EF7890412940F870089BEC6 /* CustomButtonData.m */,
				6E4B410E128BFF65003658B1 /* NewsHeaderTableViewCell.h */,
				6E4B410F128BFF65003658B1 /* NewsHeaderTableViewCell.m */,
				6E4B4114128C012B003658B1 /* NewsHeaderTableViewCell.xib */,
				6EF78D8F12983FD60089BEC6 /* RaceEventViewController.h */,
				6EF78D9012983FD60089BEC6 /* RaceEventViewController.m */,
				6EF78D9112983FD60089BEC6 /* RaceEventViewController.xib */,
				6EF78E1212984DF30089BEC6 /* RaceEventDetailsViewController.h */,
				6EF78E1312984DF30089BEC6 /* RaceEventDetailsViewController.m */,
				6EF78E1412984DF30089BEC6 /* RaceEventDetailsViewController.xib */,
			);
			name = Components;
			sourceTree = "<group>";
		};
/* End PBXGroup section */

/* Begin PBXNativeTarget section */
		1D6058900D05DD3D006BFB54 /* Lavaman */ = {
			isa = PBXNativeTarget;
			buildConfigurationList = 1D6058960D05DD3E006BFB54 /* Build configuration list for PBXNativeTarget "Lavaman" */;
			buildPhases = (
				1D60588D0D05DD3D006BFB54 /* Resources */,
				1D60588E0D05DD3D006BFB54 /* Sources */,
				1D60588F0D05DD3D006BFB54 /* Frameworks */,
			);
			buildRules = (
			);
			dependencies = (
			);
			name = Lavaman;
			productName = Lavaman;
			productReference = 1D6058910D05DD3D006BFB54 /* Lavaman.app */;
			productType = "com.apple.product-type.application";
		};
/* End PBXNativeTarget section */

/* Begin PBXProject section */
		29B97313FDCFA39411CA2CEA /* Project object */ = {
			isa = PBXProject;
			attributes = {
				ORGANIZATIONNAME = "IntoTheSurf LLC.";
			};
			buildConfigurationList = C01FCF4E08A954540054247B /* Build configuration list for PBXProject "Lavaman" */;
			compatibilityVersion = "Xcode 3.1";
			hasScannedForEncodings = 1;
			knownRegions = (
				English,
				Japanese,
				French,
				German,
				en,
			);
			mainGroup = 29B97314FDCFA39411CA2CEA /* CustomTemplate */;
			projectDirPath = "";
			projectRoot = "";
			targets = (
				1D6058900D05DD3D006BFB54 /* Lavaman */,
			);
		};
/* End PBXProject section */

/* Begin PBXResourcesBuildPhase section */
		1D60588D0D05DD3D006BFB54 /* Resources */ = {
			isa = PBXResourcesBuildPhase;
			buildActionMask = 2147483647;
			files = (
				28AD73600D9D9599002E5188 /* MainWindow.xib in Resources */,
				6E154359127B5B4F00C97C88 /* RootViewController.xib in Resources */,
				6E154378127B5E6300C97C88 /* RegistrationResultsPhotos.xib in Resources */,
				6EB8E01E127DDB1A00469C33 /* MessageList.xib in Resources */,
				6EB8E27A12806BBA00469C33 /* CategoryViewController.xib in Resources */,
				6EB8E2D61280758A00469C33 /* TravelActivitiesViewController.xib in Resources */,
				6EB8E37C12807E0B00469C33 /* ItemViewController.xib in Resources */,
				6EB8E3BB128083ED00469C33 /* ItemsToDoViewController.xib in Resources */,
				6EB8E46C1281C23300469C33 /* RaceInformationViewController.xib in Resources */,
				6E507EBA1281D9DE004D3212 /* TrainingToolsViewController.xib in Resources */,
				6E507F081281DECD004D3212 /* mail.png in Resources */,
				6E4B3B6E128329B8003658B1 /* icon.jpg in Resources */,
				6E4B3BB01289A7A2003658B1 /* background.jpg in Resources */,
				6E4B3D3B1289E2E2003658B1 /* logo.png in Resources */,
				6E4B3FBD128B3F66003658B1 /* ical_38.png in Resources */,
				6E4B3FD1128B408E003658B1 /* ical_30.png in Resources */,
				6E4B3FD4128B4108003658B1 /* ical_26.png in Resources */,
				6E4B4115128C012B003658B1 /* NewsHeaderTableViewCell.xib in Resources */,
				6E4B4193128C0EF4003658B1 /* NewsDetailViewController.xib in Resources */,
				6E4B4220128C23D4003658B1 /* PasteCalculatorViewController.xib in Resources */,
				6EF784EA1291B2910089BEC6 /* calc.png in Resources */,
				6EF784EC1291B2910089BEC6 /* watch.png in Resources */,
				6EF784FF1291B3B70089BEC6 /* CustomButtonViewController.xib in Resources */,
				6EF786641291C8C30089BEC6 /* mail_new.png in Resources */,
				6EF7870A12932A430089BEC6 /* ItemMapViewController.xib in Resources */,
				6EF788761293FE0F0089BEC6 /* activities_category.png in Resources */,
				6EF78D9312983FD60089BEC6 /* RaceEventViewController.xib in Resources */,
				6EF78E1612984DF30089BEC6 /* RaceEventDetailsViewController.xib in Resources */,
				6E9A98411299116400E3BB4B /* white_button.png in Resources */,
				6AE4F02912A8333900997657 /* bike.png in Resources */,
				6AE4F02A12A8333900997657 /* camera.png in Resources */,
				6AE4F02D12A8333900997657 /* gear.png in Resources */,
				6AE4F02E12A8333900997657 /* hotel_bed.png in Resources */,
				6AE4F02F12A8333900997657 /* ical.png in Resources */,
				6AE4F03112A8333900997657 /* list-add.png in Resources */,
				6AE4F03212A8333900997657 /* places.png in Resources */,
				6AE4F03512A8333900997657 /* results.png in Resources */,
				6AE4F03612A8333900997657 /* stop-watch.png in Resources */,
				6AE4F04B12A8336300997657 /* Lavaman.png in Resources */,
				6AE4F04D12A8336300997657 /* RaceDirector.png in Resources */,
				6AE4F06312A8338700997657 /* coca_cola.jpg in Resources */,
				6AE4F06412A8338700997657 /* hammer.jpg in Resources */,
				6AE4F06512A8338700997657 /* hawaiiphotoman.jpg in Resources */,
				6AE4F06612A8338700997657 /* hilton.jpg in Resources */,
				6AE4F06812A8338700997657 /* HolidayInn.JPG in Resources */,
				6AE4F06A12A8338700997657 /* konabrew.jpg in Resources */,
				6AE4F06C12A8338700997657 /* mcdonalds.jpg in Resources */,
				6AE4F06E12A8338700997657 /* starbucks.jpg in Resources */,
				6AE4F07012A8338700997657 /* xterra.jpg in Resources */,
				6AE4F08612A833DA00997657 /* black_button.png in Resources */,
				6AE4F08712A833DA00997657 /* But_5.png in Resources */,
				6AE4F08812A833DA00997657 /* button_down.png in Resources */,
				6AE4F08912A833DA00997657 /* button_up.png in Resources */,
				6AE4F0E712A8395D00997657 /* karolina.jpg in Resources */,
				6AE4F0E912A8397D00997657 /* bikeworks.jpg in Resources */,
				6AE4F0EB12A8399500997657 /* todd.jpg in Resources */,
				6AE4F0ED12A839B800997657 /* luis.jpg in Resources */,
				6A2BBA6812AEC79200EECC62 /* water.jpg in Resources */,
				6EA6AC0512B6991B006DDC11 /* FilledStar.png in Resources */,
				6AB62A0712B6CAEA00D94E12 /* FilledStar.png in Resources */,
				6A258A4A12B80F44009FD9B6 /* fairwinds.jpg in Resources */,
				6A258A4B12B80F44009FD9B6 /* jackiereys.jpg in Resources */,
				6A258A4C12B80F44009FD9B6 /* queens.jpg in Resources */,
			);
			runOnlyForDeploymentPostprocessing = 0;
		};
/* End PBXResourcesBuildPhase section */

/* Begin PBXSourcesBuildPhase section */
		1D60588E0D05DD3D006BFB54 /* Sources */ = {
			isa = PBXSourcesBuildPhase;
			buildActionMask = 2147483647;
			files = (
				1D60589B0D05DD56006BFB54 /* main.m in Sources */,
				1D3623260D0F684500981E51 /* LavamanAppDelegate.m in Sources */,
				6E154358127B5B4F00C97C88 /* RootViewController.m in Sources */,
				6E154377127B5E6300C97C88 /* RegistrationResultsPhotos.m in Sources */,
				6EB8E01D127DDB1A00469C33 /* MessageList.m in Sources */,
				6EB8E02D127DDBDA00469C33 /* MessageContainer.m in Sources */,
				6EB8E0E1127DEFA600469C33 /* Message.m in Sources */,
				6EB8E2681280677100469C33 /* Category.m in Sources */,
				6EB8E27112806A7900469C33 /* Item.m in Sources */,
				6EB8E27912806BBA00469C33 /* CategoryViewController.m in Sources */,
				6EB8E2D51280758A00469C33 /* TravelActivitiesViewController.m in Sources */,
				6EB8E307128078C900469C33 /* TravelActivitiesCreator.m in Sources */,
				6EB8E37B12807E0B00469C33 /* ItemViewController.m in Sources */,
				6EB8E3BA128083ED00469C33 /* ItemsToDoViewController.m in Sources */,
				6EB8E4471281BC2700469C33 /* RaceInfo.m in Sources */,
				6EB8E44A1281BC8500469C33 /* RaceDay.m in Sources */,
				6EB8E44D1281BCB900469C33 /* RaceEvent.m in Sources */,
				6EB8E46B1281C23300469C33 /* RaceInformationViewController.m in Sources */,
				6EB8E46F1281C2AA00469C33 /* RaceInformationCreator.m in Sources */,
				6E507EA41281D7FE004D3212 /* SponsorsCreator.m in Sources */,
				6E507EB91281D9DE004D3212 /* TrainingToolsViewController.m in Sources */,
				6E4B4110128BFF65003658B1 /* NewsHeaderTableViewCell.m in Sources */,
				6E4B4192128C0EF4003658B1 /* NewsDetailViewController.m in Sources */,
				6E4B421F128C23D4003658B1 /* PasteCalculatorViewController.m in Sources */,
				6EF784FE1291B3B70089BEC6 /* CustomButtonViewController.m in Sources */,
				6EF7870912932A430089BEC6 /* ItemMapViewController.m in Sources */,
				6EF7873512932DD60089BEC6 /* AddressAnnotation.m in Sources */,
				6EF7890512940F870089BEC6 /* CustomButtonData.m in Sources */,
				6EF78D9212983FD60089BEC6 /* RaceEventViewController.m in Sources */,
				6EF78E1512984DF30089BEC6 /* RaceEventDetailsViewController.m in Sources */,
				6E392CE81299B06E00F4EDF1 /* untitled.m in Sources */,
			);
			runOnlyForDeploymentPostprocessing = 0;
		};
/* End PBXSourcesBuildPhase section */

/* Begin XCBuildConfiguration section */
		1D6058940D05DD3E006BFB54 /* Debug */ = {
			isa = XCBuildConfiguration;
			buildSettings = {
				ALWAYS_SEARCH_USER_PATHS = NO;
				COPY_PHASE_STRIP = NO;
				GCC_DYNAMIC_NO_PIC = NO;
				GCC_OPTIMIZATION_LEVEL = 0;
				GCC_PRECOMPILE_PREFIX_HEADER = YES;
				GCC_PREFIX_HEADER = Lavaman_Prefix.pch;
				INFOPLIST_FILE = "Lavaman-Info.plist";
				PRODUCT_NAME = Lavaman;
			};
			name = Debug;
		};
		1D6058950D05DD3E006BFB54 /* Release */ = {
			isa = XCBuildConfiguration;
			buildSettings = {
				ALWAYS_SEARCH_USER_PATHS = NO;
				COPY_PHASE_STRIP = YES;
				GCC_PRECOMPILE_PREFIX_HEADER = YES;
				GCC_PREFIX_HEADER = Lavaman_Prefix.pch;
				INFOPLIST_FILE = "Lavaman-Info.plist";
				PRODUCT_NAME = Lavaman;
				VALIDATE_PRODUCT = YES;
			};
			name = Release;
		};
		C01FCF4F08A954540054247B /* Debug */ = {
			isa = XCBuildConfiguration;
			buildSettings = {
				ARCHS = "$(ARCHS_STANDARD_32_BIT)";
				CODE_SIGN_IDENTITY = "iPhone Developer";
				"CODE_SIGN_IDENTITY[sdk=iphoneos*]" = "iPhone Developer";
				GCC_C_LANGUAGE_STANDARD = c99;
				GCC_WARN_ABOUT_RETURN_TYPE = YES;
				GCC_WARN_UNUSED_VARIABLE = YES;
				PREBINDING = NO;
				PROVISIONING_PROFILE = "";
				"PROVISIONING_PROFILE[sdk=iphoneos*]" = "";
				SDKROOT = iphoneos4.0;
			};
			name = Debug;
		};
		C01FCF5008A954540054247B /* Release */ = {
			isa = XCBuildConfiguration;
			buildSettings = {
				ARCHS = "$(ARCHS_STANDARD_32_BIT)";
				"CODE_SIGN_IDENTITY[sdk=iphoneos*]" = "iPhone Developer";
				GCC_C_LANGUAGE_STANDARD = c99;
				GCC_WARN_ABOUT_RETURN_TYPE = YES;
				GCC_WARN_UNUSED_VARIABLE = YES;
				OTHER_CFLAGS = "-DNS_BLOCK_ASSERTIONS=1";
				PREBINDING = NO;
				SDKROOT = iphoneos4.0;
			};
			name = Release;
		};
/* End XCBuildConfiguration section */

/* Begin XCConfigurationList section */
		1D6058960D05DD3E006BFB54 /* Build configuration list for PBXNativeTarget "Lavaman" */ = {
			isa = XCConfigurationList;
			buildConfigurations = (
				1D6058940D05DD3E006BFB54 /* Debug */,
				1D6058950D05DD3E006BFB54 /* Release */,
			);
			defaultConfigurationIsVisible = 0;
			defaultConfigurationName = Release;
		};
		C01FCF4E08A954540054247B /* Build configuration list for PBXProject "Lavaman" */ = {
			isa = XCConfigurationList;
			buildConfigurations = (
				C01FCF4F08A954540054247B /* Debug */,
				C01FCF5008A954540054247B /* Release */,
			);
			defaultConfigurationIsVisible = 0;
			defaultConfigurationName = Release;
		};
/* End XCConfigurationList section */
	};
	rootObject = 29B97313FDCFA39411CA2CEA /* Project object */;
}
